// !$*UTF8*$!
{
	archiveVersion = 1;
	classes = {
	};
	objectVersion = 55;
	objects = {

/* Begin PBXBuildFile section */
		332008E6277B6CE600A3A9DD /* PresenterTests.swift in Sources */ = {isa = PBXBuildFile; fileRef = 332008E5277B6CE600A3A9DD /* PresenterTests.swift */; };
		336BF39F277B1DEE00FA1484 /* LocationURLCreator.swift in Sources */ = {isa = PBXBuildFile; fileRef = 336BF39E277B1DEE00FA1484 /* LocationURLCreator.swift */; };
		3390902D2779E099007D2864 /* WeatherChallenge.framework in Frameworks */ = {isa = PBXBuildFile; fileRef = 339090242779E098007D2864 /* WeatherChallenge.framework */; };
		339090332779E099007D2864 /* WeatherChallenge.h in Headers */ = {isa = PBXBuildFile; fileRef = 339090272779E098007D2864 /* WeatherChallenge.h */; settings = {ATTRIBUTES = (Public, ); }; };
		3390903E2779E13B007D2864 /* HTTPClient.swift in Sources */ = {isa = PBXBuildFile; fileRef = 3390903D2779E13B007D2864 /* HTTPClient.swift */; };
		339090412779E7F4007D2864 /* RemoteWeatherLoader.swift in Sources */ = {isa = PBXBuildFile; fileRef = 339090402779E7F4007D2864 /* RemoteWeatherLoader.swift */; };
		339090432779E81B007D2864 /* RemoteWeather.swift in Sources */ = {isa = PBXBuildFile; fileRef = 339090422779E81B007D2864 /* RemoteWeather.swift */; };
		339090452779E88C007D2864 /* URLSessionHTTPClient.swift in Sources */ = {isa = PBXBuildFile; fileRef = 339090442779E88C007D2864 /* URLSessionHTTPClient.swift */; };
		339090472779E959007D2864 /* LoadWeatherFromRemoteUseCaseTests.swift in Sources */ = {isa = PBXBuildFile; fileRef = 339090462779E959007D2864 /* LoadWeatherFromRemoteUseCaseTests.swift */; };
		3390904A2779EA4F007D2864 /* WeatherLoader.swift in Sources */ = {isa = PBXBuildFile; fileRef = 339090492779EA4F007D2864 /* WeatherLoader.swift */; };
		3390904C277A0A82007D2864 /* WeatherMapper.swift in Sources */ = {isa = PBXBuildFile; fileRef = 3390904B277A0A82007D2864 /* WeatherMapper.swift */; };
		33909054277A1395007D2864 /* AppDelegate.swift in Sources */ = {isa = PBXBuildFile; fileRef = 33909053277A1395007D2864 /* AppDelegate.swift */; };
		33909056277A1395007D2864 /* SceneDelegate.swift in Sources */ = {isa = PBXBuildFile; fileRef = 33909055277A1395007D2864 /* SceneDelegate.swift */; };
		33909058277A1395007D2864 /* ViewController.swift in Sources */ = {isa = PBXBuildFile; fileRef = 33909057277A1395007D2864 /* ViewController.swift */; };
		3390905B277A1395007D2864 /* Main.storyboard in Resources */ = {isa = PBXBuildFile; fileRef = 33909059277A1395007D2864 /* Main.storyboard */; };
		3390905D277A1399007D2864 /* Assets.xcassets in Resources */ = {isa = PBXBuildFile; fileRef = 3390905C277A1398007D2864 /* Assets.xcassets */; };
		33909060277A1399007D2864 /* LaunchScreen.storyboard in Resources */ = {isa = PBXBuildFile; fileRef = 3390905E277A1399007D2864 /* LaunchScreen.storyboard */; };
		3390906B277A1399007D2864 /* WeatheriOSTests.swift in Sources */ = {isa = PBXBuildFile; fileRef = 3390906A277A1399007D2864 /* WeatheriOSTests.swift */; };
		33909082277A2148007D2864 /* WeatherChallenge.framework in Frameworks */ = {isa = PBXBuildFile; fileRef = 339090242779E098007D2864 /* WeatherChallenge.framework */; };
		33909084277A2EC3007D2864 /* Presenter.swift in Sources */ = {isa = PBXBuildFile; fileRef = 33909083277A2EC3007D2864 /* Presenter.swift */; };
		33909086277A2F1B007D2864 /* ViewModel.swift in Sources */ = {isa = PBXBuildFile; fileRef = 33909085277A2F1B007D2864 /* ViewModel.swift */; };
		3390908F277A32E9007D2864 /* WeatherSwiftUIApp.swift in Sources */ = {isa = PBXBuildFile; fileRef = 3390908E277A32E9007D2864 /* WeatherSwiftUIApp.swift */; };
		33909091277A32E9007D2864 /* WeatherView.swift in Sources */ = {isa = PBXBuildFile; fileRef = 33909090277A32E9007D2864 /* WeatherView.swift */; };
		33909093277A32EB007D2864 /* Assets.xcassets in Resources */ = {isa = PBXBuildFile; fileRef = 33909092277A32EB007D2864 /* Assets.xcassets */; };
		33909096277A32EB007D2864 /* Preview Assets.xcassets in Resources */ = {isa = PBXBuildFile; fileRef = 33909095277A32EB007D2864 /* Preview Assets.xcassets */; };
		3390909B277A3325007D2864 /* WeatherViewModel.swift in Sources */ = {isa = PBXBuildFile; fileRef = 3390909A277A3325007D2864 /* WeatherViewModel.swift */; };
		3390909C277A3744007D2864 /* WeatherChallenge.framework in Frameworks */ = {isa = PBXBuildFile; fileRef = 339090242779E098007D2864 /* WeatherChallenge.framework */; };
/* End PBXBuildFile section */

/* Begin PBXContainerItemProxy section */
		3390902E2779E099007D2864 /* PBXContainerItemProxy */ = {
			isa = PBXContainerItemProxy;
			containerPortal = 3390901B2779E098007D2864 /* Project object */;
			proxyType = 1;
			remoteGlobalIDString = 339090232779E098007D2864;
			remoteInfo = WeatherChallenge;
		};
		33909067277A1399007D2864 /* PBXContainerItemProxy */ = {
			isa = PBXContainerItemProxy;
			containerPortal = 3390901B2779E098007D2864 /* Project object */;
			proxyType = 1;
			remoteGlobalIDString = 33909050277A1395007D2864;
			remoteInfo = WeatheriOS;
		};
/* End PBXContainerItemProxy section */

/* Begin PBXFileReference section */
		332008E5277B6CE600A3A9DD /* PresenterTests.swift */ = {isa = PBXFileReference; lastKnownFileType = sourcecode.swift; path = PresenterTests.swift; sourceTree = "<group>"; };
		336BF39E277B1DEE00FA1484 /* LocationURLCreator.swift */ = {isa = PBXFileReference; lastKnownFileType = sourcecode.swift; path = LocationURLCreator.swift; sourceTree = "<group>"; };
		339090242779E098007D2864 /* WeatherChallenge.framework */ = {isa = PBXFileReference; explicitFileType = wrapper.framework; includeInIndex = 0; path = WeatherChallenge.framework; sourceTree = BUILT_PRODUCTS_DIR; };
		339090272779E098007D2864 /* WeatherChallenge.h */ = {isa = PBXFileReference; lastKnownFileType = sourcecode.c.h; path = WeatherChallenge.h; sourceTree = "<group>"; };
		3390902C2779E099007D2864 /* WeatherChallengeTests.xctest */ = {isa = PBXFileReference; explicitFileType = wrapper.cfbundle; includeInIndex = 0; path = WeatherChallengeTests.xctest; sourceTree = BUILT_PRODUCTS_DIR; };
		3390903D2779E13B007D2864 /* HTTPClient.swift */ = {isa = PBXFileReference; lastKnownFileType = sourcecode.swift; path = HTTPClient.swift; sourceTree = "<group>"; };
		339090402779E7F4007D2864 /* RemoteWeatherLoader.swift */ = {isa = PBXFileReference; lastKnownFileType = sourcecode.swift; path = RemoteWeatherLoader.swift; sourceTree = "<group>"; };
		339090422779E81B007D2864 /* RemoteWeather.swift */ = {isa = PBXFileReference; lastKnownFileType = sourcecode.swift; path = RemoteWeather.swift; sourceTree = "<group>"; };
		339090442779E88C007D2864 /* URLSessionHTTPClient.swift */ = {isa = PBXFileReference; lastKnownFileType = sourcecode.swift; path = URLSessionHTTPClient.swift; sourceTree = "<group>"; };
		339090462779E959007D2864 /* LoadWeatherFromRemoteUseCaseTests.swift */ = {isa = PBXFileReference; lastKnownFileType = sourcecode.swift; path = LoadWeatherFromRemoteUseCaseTests.swift; sourceTree = "<group>"; };
		339090492779EA4F007D2864 /* WeatherLoader.swift */ = {isa = PBXFileReference; lastKnownFileType = sourcecode.swift; path = WeatherLoader.swift; sourceTree = "<group>"; };
		3390904B277A0A82007D2864 /* WeatherMapper.swift */ = {isa = PBXFileReference; lastKnownFileType = sourcecode.swift; path = WeatherMapper.swift; sourceTree = "<group>"; };
		33909051277A1395007D2864 /* WeatheriOS.app */ = {isa = PBXFileReference; explicitFileType = wrapper.application; includeInIndex = 0; path = WeatheriOS.app; sourceTree = BUILT_PRODUCTS_DIR; };
		33909053277A1395007D2864 /* AppDelegate.swift */ = {isa = PBXFileReference; lastKnownFileType = sourcecode.swift; path = AppDelegate.swift; sourceTree = "<group>"; };
		33909055277A1395007D2864 /* SceneDelegate.swift */ = {isa = PBXFileReference; lastKnownFileType = sourcecode.swift; path = SceneDelegate.swift; sourceTree = "<group>"; };
		33909057277A1395007D2864 /* ViewController.swift */ = {isa = PBXFileReference; lastKnownFileType = sourcecode.swift; path = ViewController.swift; sourceTree = "<group>"; };
		3390905A277A1395007D2864 /* Base */ = {isa = PBXFileReference; lastKnownFileType = file.storyboard; name = Base; path = Base.lproj/Main.storyboard; sourceTree = "<group>"; };
		3390905C277A1398007D2864 /* Assets.xcassets */ = {isa = PBXFileReference; lastKnownFileType = folder.assetcatalog; path = Assets.xcassets; sourceTree = "<group>"; };
		3390905F277A1399007D2864 /* Base */ = {isa = PBXFileReference; lastKnownFileType = file.storyboard; name = Base; path = Base.lproj/LaunchScreen.storyboard; sourceTree = "<group>"; };
		33909061277A1399007D2864 /* Info.plist */ = {isa = PBXFileReference; lastKnownFileType = text.plist.xml; path = Info.plist; sourceTree = "<group>"; };
		33909066277A1399007D2864 /* WeatheriOSTests.xctest */ = {isa = PBXFileReference; explicitFileType = wrapper.cfbundle; includeInIndex = 0; path = WeatheriOSTests.xctest; sourceTree = BUILT_PRODUCTS_DIR; };
		3390906A277A1399007D2864 /* WeatheriOSTests.swift */ = {isa = PBXFileReference; lastKnownFileType = sourcecode.swift; path = WeatheriOSTests.swift; sourceTree = "<group>"; };
		33909083277A2EC3007D2864 /* Presenter.swift */ = {isa = PBXFileReference; lastKnownFileType = sourcecode.swift; path = Presenter.swift; sourceTree = "<group>"; };
		33909085277A2F1B007D2864 /* ViewModel.swift */ = {isa = PBXFileReference; lastKnownFileType = sourcecode.swift; path = ViewModel.swift; sourceTree = "<group>"; };
		3390908C277A32E9007D2864 /* WeatherSwiftUI.app */ = {isa = PBXFileReference; explicitFileType = wrapper.application; includeInIndex = 0; path = WeatherSwiftUI.app; sourceTree = BUILT_PRODUCTS_DIR; };
		3390908E277A32E9007D2864 /* WeatherSwiftUIApp.swift */ = {isa = PBXFileReference; lastKnownFileType = sourcecode.swift; path = WeatherSwiftUIApp.swift; sourceTree = "<group>"; };
		33909090277A32E9007D2864 /* WeatherView.swift */ = {isa = PBXFileReference; lastKnownFileType = sourcecode.swift; path = WeatherView.swift; sourceTree = "<group>"; };
		33909092277A32EB007D2864 /* Assets.xcassets */ = {isa = PBXFileReference; lastKnownFileType = folder.assetcatalog; path = Assets.xcassets; sourceTree = "<group>"; };
		33909095277A32EB007D2864 /* Preview Assets.xcassets */ = {isa = PBXFileReference; lastKnownFileType = folder.assetcatalog; path = "Preview Assets.xcassets"; sourceTree = "<group>"; };
		3390909A277A3325007D2864 /* WeatherViewModel.swift */ = {isa = PBXFileReference; lastKnownFileType = sourcecode.swift; path = WeatherViewModel.swift; sourceTree = "<group>"; };
/* End PBXFileReference section */

/* Begin PBXFrameworksBuildPhase section */
		339090212779E098007D2864 /* Frameworks */ = {
			isa = PBXFrameworksBuildPhase;
			buildActionMask = 2147483647;
			files = (
			);
			runOnlyForDeploymentPostprocessing = 0;
		};
		339090292779E099007D2864 /* Frameworks */ = {
			isa = PBXFrameworksBuildPhase;
			buildActionMask = 2147483647;
			files = (
				3390902D2779E099007D2864 /* WeatherChallenge.framework in Frameworks */,
			);
			runOnlyForDeploymentPostprocessing = 0;
		};
		3390904E277A1395007D2864 /* Frameworks */ = {
			isa = PBXFrameworksBuildPhase;
			buildActionMask = 2147483647;
			files = (
				33909082277A2148007D2864 /* WeatherChallenge.framework in Frameworks */,
			);
			runOnlyForDeploymentPostprocessing = 0;
		};
		33909063277A1399007D2864 /* Frameworks */ = {
			isa = PBXFrameworksBuildPhase;
			buildActionMask = 2147483647;
			files = (
			);
			runOnlyForDeploymentPostprocessing = 0;
		};
		33909089277A32E9007D2864 /* Frameworks */ = {
			isa = PBXFrameworksBuildPhase;
			buildActionMask = 2147483647;
			files = (
				3390909C277A3744007D2864 /* WeatherChallenge.framework in Frameworks */,
			);
			runOnlyForDeploymentPostprocessing = 0;
		};
/* End PBXFrameworksBuildPhase section */

/* Begin PBXGroup section */
		3390901A2779E098007D2864 = {
			isa = PBXGroup;
			children = (
				339090262779E098007D2864 /* WeatherChallenge */,
				3390908D277A32E9007D2864 /* WeatherSwiftUI */,
				33909052277A1395007D2864 /* WeatheriOS */,
				339090302779E099007D2864 /* WeatherChallengeTests */,
				33909069277A1399007D2864 /* WeatheriOSTests */,
				339090252779E098007D2864 /* Products */,
				33909081277A2148007D2864 /* Frameworks */,
			);
			sourceTree = "<group>";
		};
		339090252779E098007D2864 /* Products */ = {
			isa = PBXGroup;
			children = (
				339090242779E098007D2864 /* WeatherChallenge.framework */,
				3390902C2779E099007D2864 /* WeatherChallengeTests.xctest */,
				33909051277A1395007D2864 /* WeatheriOS.app */,
				33909066277A1399007D2864 /* WeatheriOSTests.xctest */,
				3390908C277A32E9007D2864 /* WeatherSwiftUI.app */,
			);
			name = Products;
			sourceTree = "<group>";
		};
		339090262779E098007D2864 /* WeatherChallenge */ = {
			isa = PBXGroup;
			children = (
				3390903F2779E5CF007D2864 /* Weather Feature */,
				339090272779E098007D2864 /* WeatherChallenge.h */,
				3390903C2779E121007D2864 /* Weather API */,
			);
			path = WeatherChallenge;
			sourceTree = "<group>";
		};
		339090302779E099007D2864 /* WeatherChallengeTests */ = {
			isa = PBXGroup;
			children = (
				339090462779E959007D2864 /* LoadWeatherFromRemoteUseCaseTests.swift */,
			);
			path = WeatherChallengeTests;
			sourceTree = "<group>";
		};
		3390903C2779E121007D2864 /* Weather API */ = {
			isa = PBXGroup;
			children = (
				3390903D2779E13B007D2864 /* HTTPClient.swift */,
				339090402779E7F4007D2864 /* RemoteWeatherLoader.swift */,
				339090422779E81B007D2864 /* RemoteWeather.swift */,
				339090442779E88C007D2864 /* URLSessionHTTPClient.swift */,
				3390904B277A0A82007D2864 /* WeatherMapper.swift */,
				336BF39E277B1DEE00FA1484 /* LocationURLCreator.swift */,
			);
			path = "Weather API";
			sourceTree = "<group>";
		};
		3390903F2779E5CF007D2864 /* Weather Feature */ = {
			isa = PBXGroup;
			children = (
				339090492779EA4F007D2864 /* WeatherLoader.swift */,
			);
			path = "Weather Feature";
			sourceTree = "<group>";
		};
		33909052277A1395007D2864 /* WeatheriOS */ = {
			isa = PBXGroup;
			children = (
				33909087277A2FE1007D2864 /* application */,
				33909085277A2F1B007D2864 /* ViewModel.swift */,
				33909083277A2EC3007D2864 /* Presenter.swift */,
				33909057277A1395007D2864 /* ViewController.swift */,
				33909059277A1395007D2864 /* Main.storyboard */,
				3390905C277A1398007D2864 /* Assets.xcassets */,
				3390905E277A1399007D2864 /* LaunchScreen.storyboard */,
				33909061277A1399007D2864 /* Info.plist */,
			);
			path = WeatheriOS;
			sourceTree = "<group>";
		};
		33909069277A1399007D2864 /* WeatheriOSTests */ = {
			isa = PBXGroup;
			children = (
				3390906A277A1399007D2864 /* WeatheriOSTests.swift */,
				332008E5277B6CE600A3A9DD /* PresenterTests.swift */,
			);
			path = WeatheriOSTests;
			sourceTree = "<group>";
		};
		33909081277A2148007D2864 /* Frameworks */ = {
			isa = PBXGroup;
			children = (
			);
			name = Frameworks;
			sourceTree = "<group>";
		};
		33909087277A2FE1007D2864 /* application */ = {
			isa = PBXGroup;
			children = (
				33909055277A1395007D2864 /* SceneDelegate.swift */,
				33909053277A1395007D2864 /* AppDelegate.swift */,
			);
			path = application;
			sourceTree = "<group>";
		};
		3390908D277A32E9007D2864 /* WeatherSwiftUI */ = {
			isa = PBXGroup;
			children = (
				3390908E277A32E9007D2864 /* WeatherSwiftUIApp.swift */,
				33909090277A32E9007D2864 /* WeatherView.swift */,
				33909092277A32EB007D2864 /* Assets.xcassets */,
				33909094277A32EB007D2864 /* Preview Content */,
				3390909A277A3325007D2864 /* WeatherViewModel.swift */,
			);
			path = WeatherSwiftUI;
			sourceTree = "<group>";
		};
		33909094277A32EB007D2864 /* Preview Content */ = {
			isa = PBXGroup;
			children = (
				33909095277A32EB007D2864 /* Preview Assets.xcassets */,
			);
			path = "Preview Content";
			sourceTree = "<group>";
		};
/* End PBXGroup section */

/* Begin PBXHeadersBuildPhase section */
		3390901F2779E098007D2864 /* Headers */ = {
			isa = PBXHeadersBuildPhase;
			buildActionMask = 2147483647;
			files = (
				339090332779E099007D2864 /* WeatherChallenge.h in Headers */,
			);
			runOnlyForDeploymentPostprocessing = 0;
		};
/* End PBXHeadersBuildPhase section */

/* Begin PBXNativeTarget section */
		339090232779E098007D2864 /* WeatherChallenge */ = {
			isa = PBXNativeTarget;
			buildConfigurationList = 339090362779E099007D2864 /* Build configuration list for PBXNativeTarget "WeatherChallenge" */;
			buildPhases = (
				3390901F2779E098007D2864 /* Headers */,
				339090202779E098007D2864 /* Sources */,
				339090212779E098007D2864 /* Frameworks */,
				339090222779E098007D2864 /* Resources */,
			);
			buildRules = (
			);
			dependencies = (
			);
			name = WeatherChallenge;
			productName = WeatherChallenge;
			productReference = 339090242779E098007D2864 /* WeatherChallenge.framework */;
			productType = "com.apple.product-type.framework";
		};
		3390902B2779E099007D2864 /* WeatherChallengeTests */ = {
			isa = PBXNativeTarget;
			buildConfigurationList = 339090392779E099007D2864 /* Build configuration list for PBXNativeTarget "WeatherChallengeTests" */;
			buildPhases = (
				339090282779E099007D2864 /* Sources */,
				339090292779E099007D2864 /* Frameworks */,
				3390902A2779E099007D2864 /* Resources */,
			);
			buildRules = (
			);
			dependencies = (
				3390902F2779E099007D2864 /* PBXTargetDependency */,
			);
			name = WeatherChallengeTests;
			productName = WeatherChallengeTests;
			productReference = 3390902C2779E099007D2864 /* WeatherChallengeTests.xctest */;
			productType = "com.apple.product-type.bundle.unit-test";
		};
		33909050277A1395007D2864 /* WeatheriOS */ = {
			isa = PBXNativeTarget;
			buildConfigurationList = 33909078277A1399007D2864 /* Build configuration list for PBXNativeTarget "WeatheriOS" */;
			buildPhases = (
				3390904D277A1395007D2864 /* Sources */,
				3390904E277A1395007D2864 /* Frameworks */,
				3390904F277A1395007D2864 /* Resources */,
			);
			buildRules = (
			);
			dependencies = (
			);
			name = WeatheriOS;
			productName = WeatheriOS;
			productReference = 33909051277A1395007D2864 /* WeatheriOS.app */;
			productType = "com.apple.product-type.application";
		};
		33909065277A1399007D2864 /* WeatheriOSTests */ = {
			isa = PBXNativeTarget;
			buildConfigurationList = 3390907B277A1399007D2864 /* Build configuration list for PBXNativeTarget "WeatheriOSTests" */;
			buildPhases = (
				33909062277A1399007D2864 /* Sources */,
				33909063277A1399007D2864 /* Frameworks */,
				33909064277A1399007D2864 /* Resources */,
			);
			buildRules = (
			);
			dependencies = (
				33909068277A1399007D2864 /* PBXTargetDependency */,
			);
			name = WeatheriOSTests;
			productName = WeatheriOSTests;
			productReference = 33909066277A1399007D2864 /* WeatheriOSTests.xctest */;
			productType = "com.apple.product-type.bundle.unit-test";
		};
		3390908B277A32E9007D2864 /* WeatherSwiftUI */ = {
			isa = PBXNativeTarget;
			buildConfigurationList = 33909097277A32EB007D2864 /* Build configuration list for PBXNativeTarget "WeatherSwiftUI" */;
			buildPhases = (
				33909088277A32E9007D2864 /* Sources */,
				33909089277A32E9007D2864 /* Frameworks */,
				3390908A277A32E9007D2864 /* Resources */,
			);
			buildRules = (
			);
			dependencies = (
			);
			name = WeatherSwiftUI;
			productName = WeatherSwiftUI;
			productReference = 3390908C277A32E9007D2864 /* WeatherSwiftUI.app */;
			productType = "com.apple.product-type.application";
		};
/* End PBXNativeTarget section */

/* Begin PBXProject section */
		3390901B2779E098007D2864 /* Project object */ = {
			isa = PBXProject;
			attributes = {
				BuildIndependentTargetsInParallel = NO;
				LastSwiftUpdateCheck = 1310;
				LastUpgradeCheck = 1310;
				TargetAttributes = {
					339090232779E098007D2864 = {
						CreatedOnToolsVersion = 13.1;
						LastSwiftMigration = 1310;
					};
					3390902B2779E099007D2864 = {
						CreatedOnToolsVersion = 13.1;
					};
					33909050277A1395007D2864 = {
						CreatedOnToolsVersion = 13.1;
					};
					33909065277A1399007D2864 = {
						CreatedOnToolsVersion = 13.1;
						TestTargetID = 33909050277A1395007D2864;
					};
					3390908B277A32E9007D2864 = {
						CreatedOnToolsVersion = 13.1;
					};
				};
			};
			buildConfigurationList = 3390901E2779E098007D2864 /* Build configuration list for PBXProject "WeatherChallenge" */;
			compatibilityVersion = "Xcode 13.0";
			developmentRegion = en;
			hasScannedForEncodings = 0;
			knownRegions = (
				en,
				Base,
			);
			mainGroup = 3390901A2779E098007D2864;
			productRefGroup = 339090252779E098007D2864 /* Products */;
			projectDirPath = "";
			projectRoot = "";
			targets = (
				339090232779E098007D2864 /* WeatherChallenge */,
				3390902B2779E099007D2864 /* WeatherChallengeTests */,
				33909050277A1395007D2864 /* WeatheriOS */,
				33909065277A1399007D2864 /* WeatheriOSTests */,
				3390908B277A32E9007D2864 /* WeatherSwiftUI */,
			);
		};
/* End PBXProject section */

/* Begin PBXResourcesBuildPhase section */
		339090222779E098007D2864 /* Resources */ = {
			isa = PBXResourcesBuildPhase;
			buildActionMask = 2147483647;
			files = (
			);
			runOnlyForDeploymentPostprocessing = 0;
		};
		3390902A2779E099007D2864 /* Resources */ = {
			isa = PBXResourcesBuildPhase;
			buildActionMask = 2147483647;
			files = (
			);
			runOnlyForDeploymentPostprocessing = 0;
		};
		3390904F277A1395007D2864 /* Resources */ = {
			isa = PBXResourcesBuildPhase;
			buildActionMask = 2147483647;
			files = (
				33909060277A1399007D2864 /* LaunchScreen.storyboard in Resources */,
				3390905D277A1399007D2864 /* Assets.xcassets in Resources */,
				3390905B277A1395007D2864 /* Main.storyboard in Resources */,
			);
			runOnlyForDeploymentPostprocessing = 0;
		};
		33909064277A1399007D2864 /* Resources */ = {
			isa = PBXResourcesBuildPhase;
			buildActionMask = 2147483647;
			files = (
			);
			runOnlyForDeploymentPostprocessing = 0;
		};
		3390908A277A32E9007D2864 /* Resources */ = {
			isa = PBXResourcesBuildPhase;
			buildActionMask = 2147483647;
			files = (
				33909096277A32EB007D2864 /* Preview Assets.xcassets in Resources */,
				33909093277A32EB007D2864 /* Assets.xcassets in Resources */,
			);
			runOnlyForDeploymentPostprocessing = 0;
		};
/* End PBXResourcesBuildPhase section */

/* Begin PBXSourcesBuildPhase section */
		339090202779E098007D2864 /* Sources */ = {
			isa = PBXSourcesBuildPhase;
			buildActionMask = 2147483647;
			files = (
				3390903E2779E13B007D2864 /* HTTPClient.swift in Sources */,
				339090432779E81B007D2864 /* RemoteWeather.swift in Sources */,
				3390904A2779EA4F007D2864 /* WeatherLoader.swift in Sources */,
				336BF39F277B1DEE00FA1484 /* LocationURLCreator.swift in Sources */,
				3390904C277A0A82007D2864 /* WeatherMapper.swift in Sources */,
				339090412779E7F4007D2864 /* RemoteWeatherLoader.swift in Sources */,
				339090452779E88C007D2864 /* URLSessionHTTPClient.swift in Sources */,
			);
			runOnlyForDeploymentPostprocessing = 0;
		};
		339090282779E099007D2864 /* Sources */ = {
			isa = PBXSourcesBuildPhase;
			buildActionMask = 2147483647;
			files = (
				339090472779E959007D2864 /* LoadWeatherFromRemoteUseCaseTests.swift in Sources */,
			);
			runOnlyForDeploymentPostprocessing = 0;
		};
		3390904D277A1395007D2864 /* Sources */ = {
			isa = PBXSourcesBuildPhase;
			buildActionMask = 2147483647;
			files = (
				33909086277A2F1B007D2864 /* ViewModel.swift in Sources */,
				33909058277A1395007D2864 /* ViewController.swift in Sources */,
				33909054277A1395007D2864 /* AppDelegate.swift in Sources */,
				33909084277A2EC3007D2864 /* Presenter.swift in Sources */,
				33909056277A1395007D2864 /* SceneDelegate.swift in Sources */,
			);
			runOnlyForDeploymentPostprocessing = 0;
		};
		33909062277A1399007D2864 /* Sources */ = {
			isa = PBXSourcesBuildPhase;
			buildActionMask = 2147483647;
			files = (
				332008E6277B6CE600A3A9DD /* PresenterTests.swift in Sources */,
				3390906B277A1399007D2864 /* WeatheriOSTests.swift in Sources */,
			);
			runOnlyForDeploymentPostprocessing = 0;
		};
		33909088277A32E9007D2864 /* Sources */ = {
			isa = PBXSourcesBuildPhase;
			buildActionMask = 2147483647;
			files = (
				33909091277A32E9007D2864 /* WeatherView.swift in Sources */,
				3390909B277A3325007D2864 /* WeatherViewModel.swift in Sources */,
				3390908F277A32E9007D2864 /* WeatherSwiftUIApp.swift in Sources */,
			);
			runOnlyForDeploymentPostprocessing = 0;
		};
/* End PBXSourcesBuildPhase section */

/* Begin PBXTargetDependency section */
		3390902F2779E099007D2864 /* PBXTargetDependency */ = {
			isa = PBXTargetDependency;
			target = 339090232779E098007D2864 /* WeatherChallenge */;
			targetProxy = 3390902E2779E099007D2864 /* PBXContainerItemProxy */;
		};
		33909068277A1399007D2864 /* PBXTargetDependency */ = {
			isa = PBXTargetDependency;
			target = 33909050277A1395007D2864 /* WeatheriOS */;
			targetProxy = 33909067277A1399007D2864 /* PBXContainerItemProxy */;
		};
/* End PBXTargetDependency section */

/* Begin PBXVariantGroup section */
		33909059277A1395007D2864 /* Main.storyboard */ = {
			isa = PBXVariantGroup;
			children = (
				3390905A277A1395007D2864 /* Base */,
			);
			name = Main.storyboard;
			sourceTree = "<group>";
		};
		3390905E277A1399007D2864 /* LaunchScreen.storyboard */ = {
			isa = PBXVariantGroup;
			children = (
				3390905F277A1399007D2864 /* Base */,
			);
			name = LaunchScreen.storyboard;
			sourceTree = "<group>";
		};
/* End PBXVariantGroup section */

/* Begin XCBuildConfiguration section */
		339090342779E099007D2864 /* Debug */ = {
			isa = XCBuildConfiguration;
			buildSettings = {
				ALWAYS_SEARCH_USER_PATHS = NO;
				CLANG_ANALYZER_NONNULL = YES;
				CLANG_ANALYZER_NUMBER_OBJECT_CONVERSION = YES_AGGRESSIVE;
				CLANG_CXX_LANGUAGE_STANDARD = "gnu++17";
				CLANG_CXX_LIBRARY = "libc++";
				CLANG_ENABLE_MODULES = YES;
				CLANG_ENABLE_OBJC_ARC = YES;
				CLANG_ENABLE_OBJC_WEAK = YES;
				CLANG_WARN_BLOCK_CAPTURE_AUTORELEASING = YES;
				CLANG_WARN_BOOL_CONVERSION = YES;
				CLANG_WARN_COMMA = YES;
				CLANG_WARN_CONSTANT_CONVERSION = YES;
				CLANG_WARN_DEPRECATED_OBJC_IMPLEMENTATIONS = YES;
				CLANG_WARN_DIRECT_OBJC_ISA_USAGE = YES_ERROR;
				CLANG_WARN_DOCUMENTATION_COMMENTS = YES;
				CLANG_WARN_EMPTY_BODY = YES;
				CLANG_WARN_ENUM_CONVERSION = YES;
				CLANG_WARN_INFINITE_RECURSION = YES;
				CLANG_WARN_INT_CONVERSION = YES;
				CLANG_WARN_NON_LITERAL_NULL_CONVERSION = YES;
				CLANG_WARN_OBJC_IMPLICIT_RETAIN_SELF = YES;
				CLANG_WARN_OBJC_LITERAL_CONVERSION = YES;
				CLANG_WARN_OBJC_ROOT_CLASS = YES_ERROR;
				CLANG_WARN_QUOTED_INCLUDE_IN_FRAMEWORK_HEADER = YES;
				CLANG_WARN_RANGE_LOOP_ANALYSIS = YES;
				CLANG_WARN_STRICT_PROTOTYPES = YES;
				CLANG_WARN_SUSPICIOUS_MOVE = YES;
				CLANG_WARN_UNGUARDED_AVAILABILITY = YES_AGGRESSIVE;
				CLANG_WARN_UNREACHABLE_CODE = YES;
				CLANG_WARN__DUPLICATE_METHOD_MATCH = YES;
				COPY_PHASE_STRIP = NO;
				CURRENT_PROJECT_VERSION = 1;
				DEBUG_INFORMATION_FORMAT = dwarf;
				ENABLE_STRICT_OBJC_MSGSEND = YES;
				ENABLE_TESTABILITY = YES;
				GCC_C_LANGUAGE_STANDARD = gnu11;
				GCC_DYNAMIC_NO_PIC = NO;
				GCC_NO_COMMON_BLOCKS = YES;
				GCC_OPTIMIZATION_LEVEL = 0;
				GCC_PREPROCESSOR_DEFINITIONS = (
					"DEBUG=1",
					"$(inherited)",
				);
				GCC_WARN_64_TO_32_BIT_CONVERSION = YES;
				GCC_WARN_ABOUT_RETURN_TYPE = YES_ERROR;
				GCC_WARN_UNDECLARED_SELECTOR = YES;
				GCC_WARN_UNINITIALIZED_AUTOS = YES_AGGRESSIVE;
				GCC_WARN_UNUSED_FUNCTION = YES;
				GCC_WARN_UNUSED_VARIABLE = YES;
				MACOSX_DEPLOYMENT_TARGET = 12.0;
				MTL_ENABLE_DEBUG_INFO = INCLUDE_SOURCE;
				MTL_FAST_MATH = YES;
				ONLY_ACTIVE_ARCH = YES;
				SDKROOT = macosx;
				SUPPORTED_PLATFORMS = "macosx iphonesimulator iphoneos";
				SWIFT_ACTIVE_COMPILATION_CONDITIONS = DEBUG;
				SWIFT_OPTIMIZATION_LEVEL = "-Onone";
				VERSIONING_SYSTEM = "apple-generic";
				VERSION_INFO_PREFIX = "";
			};
			name = Debug;
		};
		339090352779E099007D2864 /* Release */ = {
			isa = XCBuildConfiguration;
			buildSettings = {
				ALWAYS_SEARCH_USER_PATHS = NO;
				CLANG_ANALYZER_NONNULL = YES;
				CLANG_ANALYZER_NUMBER_OBJECT_CONVERSION = YES_AGGRESSIVE;
				CLANG_CXX_LANGUAGE_STANDARD = "gnu++17";
				CLANG_CXX_LIBRARY = "libc++";
				CLANG_ENABLE_MODULES = YES;
				CLANG_ENABLE_OBJC_ARC = YES;
				CLANG_ENABLE_OBJC_WEAK = YES;
				CLANG_WARN_BLOCK_CAPTURE_AUTORELEASING = YES;
				CLANG_WARN_BOOL_CONVERSION = YES;
				CLANG_WARN_COMMA = YES;
				CLANG_WARN_CONSTANT_CONVERSION = YES;
				CLANG_WARN_DEPRECATED_OBJC_IMPLEMENTATIONS = YES;
				CLANG_WARN_DIRECT_OBJC_ISA_USAGE = YES_ERROR;
				CLANG_WARN_DOCUMENTATION_COMMENTS = YES;
				CLANG_WARN_EMPTY_BODY = YES;
				CLANG_WARN_ENUM_CONVERSION = YES;
				CLANG_WARN_INFINITE_RECURSION = YES;
				CLANG_WARN_INT_CONVERSION = YES;
				CLANG_WARN_NON_LITERAL_NULL_CONVERSION = YES;
				CLANG_WARN_OBJC_IMPLICIT_RETAIN_SELF = YES;
				CLANG_WARN_OBJC_LITERAL_CONVERSION = YES;
				CLANG_WARN_OBJC_ROOT_CLASS = YES_ERROR;
				CLANG_WARN_QUOTED_INCLUDE_IN_FRAMEWORK_HEADER = YES;
				CLANG_WARN_RANGE_LOOP_ANALYSIS = YES;
				CLANG_WARN_STRICT_PROTOTYPES = YES;
				CLANG_WARN_SUSPICIOUS_MOVE = YES;
				CLANG_WARN_UNGUARDED_AVAILABILITY = YES_AGGRESSIVE;
				CLANG_WARN_UNREACHABLE_CODE = YES;
				CLANG_WARN__DUPLICATE_METHOD_MATCH = YES;
				COPY_PHASE_STRIP = NO;
				CURRENT_PROJECT_VERSION = 1;
				DEBUG_INFORMATION_FORMAT = "dwarf-with-dsym";
				ENABLE_NS_ASSERTIONS = NO;
				ENABLE_STRICT_OBJC_MSGSEND = YES;
				GCC_C_LANGUAGE_STANDARD = gnu11;
				GCC_NO_COMMON_BLOCKS = YES;
				GCC_WARN_64_TO_32_BIT_CONVERSION = YES;
				GCC_WARN_ABOUT_RETURN_TYPE = YES_ERROR;
				GCC_WARN_UNDECLARED_SELECTOR = YES;
				GCC_WARN_UNINITIALIZED_AUTOS = YES_AGGRESSIVE;
				GCC_WARN_UNUSED_FUNCTION = YES;
				GCC_WARN_UNUSED_VARIABLE = YES;
				MACOSX_DEPLOYMENT_TARGET = 12.0;
				MTL_ENABLE_DEBUG_INFO = NO;
				MTL_FAST_MATH = YES;
				SDKROOT = macosx;
				SUPPORTED_PLATFORMS = "macosx iphonesimulator iphoneos";
				SWIFT_COMPILATION_MODE = wholemodule;
				SWIFT_OPTIMIZATION_LEVEL = "-O";
				VERSIONING_SYSTEM = "apple-generic";
				VERSION_INFO_PREFIX = "";
			};
			name = Release;
		};
		339090372779E099007D2864 /* Debug */ = {
			isa = XCBuildConfiguration;
			buildSettings = {
				CLANG_ENABLE_MODULES = YES;
				CODE_SIGN_STYLE = Automatic;
				COMBINE_HIDPI_IMAGES = YES;
				CURRENT_PROJECT_VERSION = 1;
				DEFINES_MODULE = YES;
				DEVELOPMENT_TEAM = 4A669F9FP4;
				DYLIB_COMPATIBILITY_VERSION = 1;
				DYLIB_CURRENT_VERSION = 1;
				DYLIB_INSTALL_NAME_BASE = "@rpath";
				GENERATE_INFOPLIST_FILE = YES;
				INFOPLIST_KEY_NSHumanReadableCopyright = "";
				INSTALL_PATH = "$(LOCAL_LIBRARY_DIR)/Frameworks";
				LD_RUNPATH_SEARCH_PATHS = (
					"$(inherited)",
					"@executable_path/../Frameworks",
					"@loader_path/Frameworks",
				);
				MARKETING_VERSION = 1.0;
				PRODUCT_BUNDLE_IDENTIFIER = es.cesar.WeatherChallenge;
				PRODUCT_NAME = "$(TARGET_NAME:c99extidentifier)";
				SKIP_INSTALL = YES;
				SWIFT_EMIT_LOC_STRINGS = YES;
				SWIFT_OPTIMIZATION_LEVEL = "-Onone";
				SWIFT_VERSION = 5.0;
			};
			name = Debug;
		};
		339090382779E099007D2864 /* Release */ = {
			isa = XCBuildConfiguration;
			buildSettings = {
				CLANG_ENABLE_MODULES = YES;
				CODE_SIGN_STYLE = Automatic;
				COMBINE_HIDPI_IMAGES = YES;
				CURRENT_PROJECT_VERSION = 1;
				DEFINES_MODULE = YES;
				DEVELOPMENT_TEAM = 4A669F9FP4;
				DYLIB_COMPATIBILITY_VERSION = 1;
				DYLIB_CURRENT_VERSION = 1;
				DYLIB_INSTALL_NAME_BASE = "@rpath";
				GENERATE_INFOPLIST_FILE = YES;
				INFOPLIST_KEY_NSHumanReadableCopyright = "";
				INSTALL_PATH = "$(LOCAL_LIBRARY_DIR)/Frameworks";
				LD_RUNPATH_SEARCH_PATHS = (
					"$(inherited)",
					"@executable_path/../Frameworks",
					"@loader_path/Frameworks",
				);
				MARKETING_VERSION = 1.0;
				PRODUCT_BUNDLE_IDENTIFIER = es.cesar.WeatherChallenge;
				PRODUCT_NAME = "$(TARGET_NAME:c99extidentifier)";
				SKIP_INSTALL = YES;
				SWIFT_EMIT_LOC_STRINGS = YES;
				SWIFT_VERSION = 5.0;
			};
			name = Release;
		};
		3390903A2779E099007D2864 /* Debug */ = {
			isa = XCBuildConfiguration;
			buildSettings = {
				ALWAYS_EMBED_SWIFT_STANDARD_LIBRARIES = YES;
				CODE_SIGN_STYLE = Automatic;
				COMBINE_HIDPI_IMAGES = YES;
				CURRENT_PROJECT_VERSION = 1;
				DEVELOPMENT_TEAM = 4A669F9FP4;
				GENERATE_INFOPLIST_FILE = YES;
				LD_RUNPATH_SEARCH_PATHS = (
					"$(inherited)",
					"@executable_path/../Frameworks",
					"@loader_path/../Frameworks",
				);
				MARKETING_VERSION = 1.0;
				PRODUCT_BUNDLE_IDENTIFIER = es.cesar.WeatherChallengeTests;
				PRODUCT_NAME = "$(TARGET_NAME)";
				SWIFT_EMIT_LOC_STRINGS = NO;
				SWIFT_VERSION = 5.0;
			};
			name = Debug;
		};
		3390903B2779E099007D2864 /* Release */ = {
			isa = XCBuildConfiguration;
			buildSettings = {
				ALWAYS_EMBED_SWIFT_STANDARD_LIBRARIES = YES;
				CODE_SIGN_STYLE = Automatic;
				COMBINE_HIDPI_IMAGES = YES;
				CURRENT_PROJECT_VERSION = 1;
				DEVELOPMENT_TEAM = 4A669F9FP4;
				GENERATE_INFOPLIST_FILE = YES;
				LD_RUNPATH_SEARCH_PATHS = (
					"$(inherited)",
					"@executable_path/../Frameworks",
					"@loader_path/../Frameworks",
				);
				MARKETING_VERSION = 1.0;
				PRODUCT_BUNDLE_IDENTIFIER = es.cesar.WeatherChallengeTests;
				PRODUCT_NAME = "$(TARGET_NAME)";
				SWIFT_EMIT_LOC_STRINGS = NO;
				SWIFT_VERSION = 5.0;
			};
			name = Release;
		};
		33909079277A1399007D2864 /* Debug */ = {
			isa = XCBuildConfiguration;
			buildSettings = {
				ASSETCATALOG_COMPILER_APPICON_NAME = AppIcon;
				ASSETCATALOG_COMPILER_GLOBAL_ACCENT_COLOR_NAME = AccentColor;
				CODE_SIGN_STYLE = Automatic;
				CURRENT_PROJECT_VERSION = 1;
				DEVELOPMENT_TEAM = 4A669F9FP4;
				GENERATE_INFOPLIST_FILE = YES;
				INFOPLIST_FILE = WeatheriOS/Info.plist;
				INFOPLIST_KEY_UIApplicationSupportsIndirectInputEvents = YES;
				INFOPLIST_KEY_UILaunchStoryboardName = LaunchScreen;
				INFOPLIST_KEY_UIMainStoryboardFile = Main;
				INFOPLIST_KEY_UISupportedInterfaceOrientations_iPad = "UIInterfaceOrientationPortrait UIInterfaceOrientationPortraitUpsideDown UIInterfaceOrientationLandscapeLeft UIInterfaceOrientationLandscapeRight";
				INFOPLIST_KEY_UISupportedInterfaceOrientations_iPhone = "UIInterfaceOrientationPortrait UIInterfaceOrientationLandscapeLeft UIInterfaceOrientationLandscapeRight";
				IPHONEOS_DEPLOYMENT_TARGET = 15.0;
				LD_RUNPATH_SEARCH_PATHS = (
					"$(inherited)",
					"@executable_path/Frameworks",
				);
				MARKETING_VERSION = 1.0;
				PRODUCT_BUNDLE_IDENTIFIER = es.cesar.WeatheriOS;
				PRODUCT_NAME = "$(TARGET_NAME)";
				SDKROOT = iphoneos;
				SWIFT_EMIT_LOC_STRINGS = YES;
				SWIFT_VERSION = 5.0;
				TARGETED_DEVICE_FAMILY = "1,2";
			};
			name = Debug;
		};
		3390907A277A1399007D2864 /* Release */ = {
			isa = XCBuildConfiguration;
			buildSettings = {
				ASSETCATALOG_COMPILER_APPICON_NAME = AppIcon;
				ASSETCATALOG_COMPILER_GLOBAL_ACCENT_COLOR_NAME = AccentColor;
				CODE_SIGN_STYLE = Automatic;
				CURRENT_PROJECT_VERSION = 1;
				DEVELOPMENT_TEAM = 4A669F9FP4;
				GENERATE_INFOPLIST_FILE = YES;
				INFOPLIST_FILE = WeatheriOS/Info.plist;
				INFOPLIST_KEY_UIApplicationSupportsIndirectInputEvents = YES;
				INFOPLIST_KEY_UILaunchStoryboardName = LaunchScreen;
				INFOPLIST_KEY_UIMainStoryboardFile = Main;
				INFOPLIST_KEY_UISupportedInterfaceOrientations_iPad = "UIInterfaceOrientationPortrait UIInterfaceOrientationPortraitUpsideDown UIInterfaceOrientationLandscapeLeft UIInterfaceOrientationLandscapeRight";
				INFOPLIST_KEY_UISupportedInterfaceOrientations_iPhone = "UIInterfaceOrientationPortrait UIInterfaceOrientationLandscapeLeft UIInterfaceOrientationLandscapeRight";
				IPHONEOS_DEPLOYMENT_TARGET = 15.0;
				LD_RUNPATH_SEARCH_PATHS = (
					"$(inherited)",
					"@executable_path/Frameworks",
				);
				MARKETING_VERSION = 1.0;
				PRODUCT_BUNDLE_IDENTIFIER = es.cesar.WeatheriOS;
				PRODUCT_NAME = "$(TARGET_NAME)";
				SDKROOT = iphoneos;
				SWIFT_EMIT_LOC_STRINGS = YES;
				SWIFT_VERSION = 5.0;
				TARGETED_DEVICE_FAMILY = "1,2";
				VALIDATE_PRODUCT = YES;
			};
			name = Release;
		};
		3390907C277A1399007D2864 /* Debug */ = {
			isa = XCBuildConfiguration;
			buildSettings = {
				ALWAYS_EMBED_SWIFT_STANDARD_LIBRARIES = YES;
				BUNDLE_LOADER = "$(TEST_HOST)";
				CODE_SIGN_STYLE = Automatic;
				CURRENT_PROJECT_VERSION = 1;
				DEVELOPMENT_TEAM = 4A669F9FP4;
				GENERATE_INFOPLIST_FILE = YES;
				IPHONEOS_DEPLOYMENT_TARGET = 15.0;
				LD_RUNPATH_SEARCH_PATHS = (
					"$(inherited)",
					"@executable_path/Frameworks",
					"@loader_path/Frameworks",
				);
				MARKETING_VERSION = 1.0;
				PRODUCT_BUNDLE_IDENTIFIER = es.cesar.WeatheriOSTests;
				PRODUCT_NAME = "$(TARGET_NAME)";
				SDKROOT = iphoneos;
				SWIFT_EMIT_LOC_STRINGS = NO;
				SWIFT_VERSION = 5.0;
				TARGETED_DEVICE_FAMILY = "1,2";
				TEST_HOST = "$(BUILT_PRODUCTS_DIR)/WeatheriOS.app/WeatheriOS";
			};
			name = Debug;
		};
		3390907D277A1399007D2864 /* Release */ = {
			isa = XCBuildConfiguration;
			buildSettings = {
				ALWAYS_EMBED_SWIFT_STANDARD_LIBRARIES = YES;
				BUNDLE_LOADER = "$(TEST_HOST)";
				CODE_SIGN_STYLE = Automatic;
				CURRENT_PROJECT_VERSION = 1;
				DEVELOPMENT_TEAM = 4A669F9FP4;
				GENERATE_INFOPLIST_FILE = YES;
				IPHONEOS_DEPLOYMENT_TARGET = 15.0;
				LD_RUNPATH_SEARCH_PATHS = (
					"$(inherited)",
					"@executable_path/Frameworks",
					"@loader_path/Frameworks",
				);
				MARKETING_VERSION = 1.0;
				PRODUCT_BUNDLE_IDENTIFIER = es.cesar.WeatheriOSTests;
				PRODUCT_NAME = "$(TARGET_NAME)";
				SDKROOT = iphoneos;
				SWIFT_EMIT_LOC_STRINGS = NO;
				SWIFT_VERSION = 5.0;
				TARGETED_DEVICE_FAMILY = "1,2";
				TEST_HOST = "$(BUILT_PRODUCTS_DIR)/WeatheriOS.app/WeatheriOS";
				VALIDATE_PRODUCT = YES;
			};
			name = Release;
		};
		33909098277A32EB007D2864 /* Debug */ = {
			isa = XCBuildConfiguration;
			buildSettings = {
				ASSETCATALOG_COMPILER_APPICON_NAME = AppIcon;
				ASSETCATALOG_COMPILER_GLOBAL_ACCENT_COLOR_NAME = AccentColor;
				CODE_SIGN_STYLE = Automatic;
				CURRENT_PROJECT_VERSION = 1;
				DEVELOPMENT_ASSET_PATHS = "\"WeatherSwiftUI/Preview Content\"";
				DEVELOPMENT_TEAM = 4A669F9FP4;
				ENABLE_PREVIEWS = YES;
				GENERATE_INFOPLIST_FILE = YES;
				INFOPLIST_KEY_UIApplicationSceneManifest_Generation = YES;
				INFOPLIST_KEY_UIApplicationSupportsIndirectInputEvents = YES;
				INFOPLIST_KEY_UILaunchScreen_Generation = YES;
				INFOPLIST_KEY_UISupportedInterfaceOrientations_iPad = "UIInterfaceOrientationPortrait UIInterfaceOrientationPortraitUpsideDown UIInterfaceOrientationLandscapeLeft UIInterfaceOrientationLandscapeRight";
				INFOPLIST_KEY_UISupportedInterfaceOrientations_iPhone = "UIInterfaceOrientationPortrait UIInterfaceOrientationLandscapeLeft UIInterfaceOrientationLandscapeRight";
				IPHONEOS_DEPLOYMENT_TARGET = 15.0;
				LD_RUNPATH_SEARCH_PATHS = (
					"$(inherited)",
					"@executable_path/Frameworks",
				);
				MARKETING_VERSION = 1.0;
				PRODUCT_BUNDLE_IDENTIFIER = es.cesar.WeatherSwiftUI;
				PRODUCT_NAME = "$(TARGET_NAME)";
				SDKROOT = iphoneos;
				SWIFT_EMIT_LOC_STRINGS = YES;
				SWIFT_VERSION = 5.0;
				TARGETED_DEVICE_FAMILY = "1,2";
			};
			name = Debug;
		};
		33909099277A32EB007D2864 /* Release */ = {
			isa = XCBuildConfiguration;
			buildSettings = {
				ASSETCATALOG_COMPILER_APPICON_NAME = AppIcon;
				ASSETCATALOG_COMPILER_GLOBAL_ACCENT_COLOR_NAME = AccentColor;
				CODE_SIGN_STYLE = Automatic;
				CURRENT_PROJECT_VERSION = 1;
				DEVELOPMENT_ASSET_PATHS = "\"WeatherSwiftUI/Preview Content\"";
				DEVELOPMENT_TEAM = 4A669F9FP4;
				ENABLE_PREVIEWS = YES;
				GENERATE_INFOPLIST_FILE = YES;
				INFOPLIST_KEY_UIApplicationSceneManifest_Generation = YES;
				INFOPLIST_KEY_UIApplicationSupportsIndirectInputEvents = YES;
				INFOPLIST_KEY_UILaunchScreen_Generation = YES;
				INFOPLIST_KEY_UISupportedInterfaceOrientations_iPad = "UIInterfaceOrientationPortrait UIInterfaceOrientationPortraitUpsideDown UIInterfaceOrientationLandscapeLeft UIInterfaceOrientationLandscapeRight";
				INFOPLIST_KEY_UISupportedInterfaceOrientations_iPhone = "UIInterfaceOrientationPortrait UIInterfaceOrientationLandscapeLeft UIInterfaceOrientationLandscapeRight";
				IPHONEOS_DEPLOYMENT_TARGET = 15.0;
				LD_RUNPATH_SEARCH_PATHS = (
					"$(inherited)",
					"@executable_path/Frameworks",
				);
				MARKETING_VERSION = 1.0;
				PRODUCT_BUNDLE_IDENTIFIER = es.cesar.WeatherSwiftUI;
				PRODUCT_NAME = "$(TARGET_NAME)";
				SDKROOT = iphoneos;
				SWIFT_EMIT_LOC_STRINGS = YES;
				SWIFT_VERSION = 5.0;
				TARGETED_DEVICE_FAMILY = "1,2";
				VALIDATE_PRODUCT = YES;
			};
			name = Release;
		};
/* End XCBuildConfiguration section */

/* Begin XCConfigurationList section */
		3390901E2779E098007D2864 /* Build configuration list for PBXProject "WeatherChallenge" */ = {
			isa = XCConfigurationList;
			buildConfigurations = (
				339090342779E099007D2864 /* Debug */,
				339090352779E099007D2864 /* Release */,
			);
			defaultConfigurationIsVisible = 0;
			defaultConfigurationName = Release;
		};
		339090362779E099007D2864 /* Build configuration list for PBXNativeTarget "WeatherChallenge" */ = {
			isa = XCConfigurationList;
			buildConfigurations = (
				339090372779E099007D2864 /* Debug */,
				339090382779E099007D2864 /* Release */,
			);
			defaultConfigurationIsVisible = 0;
			defaultConfigurationName = Release;
		};
		339090392779E099007D2864 /* Build configuration list for PBXNativeTarget "WeatherChallengeTests" */ = {
			isa = XCConfigurationList;
			buildConfigurations = (
				3390903A2779E099007D2864 /* Debug */,
				3390903B2779E099007D2864 /* Release */,
			);
			defaultConfigurationIsVisible = 0;
			defaultConfigurationName = Release;
		};
		33909078277A1399007D2864 /* Build configuration list for PBXNativeTarget "WeatheriOS" */ = {
			isa = XCConfigurationList;
			buildConfigurations = (
				33909079277A1399007D2864 /* Debug */,
				3390907A277A1399007D2864 /* Release */,
			);
			defaultConfigurationIsVisible = 0;
			defaultConfigurationName = Release;
		};
		3390907B277A1399007D2864 /* Build configuration list for PBXNativeTarget "WeatheriOSTests" */ = {
			isa = XCConfigurationList;
			buildConfigurations = (
				3390907C277A1399007D2864 /* Debug */,
				3390907D277A1399007D2864 /* Release */,
			);
			defaultConfigurationIsVisible = 0;
			defaultConfigurationName = Release;
		};
		33909097277A32EB007D2864 /* Build configuration list for PBXNativeTarget "WeatherSwiftUI" */ = {
			isa = XCConfigurationList;
			buildConfigurations = (
				33909098277A32EB007D2864 /* Debug */,
				33909099277A32EB007D2864 /* Release */,
			);
			defaultConfigurationIsVisible = 0;
			defaultConfigurationName = Release;
		};
/* End XCConfigurationList section */
	};
	rootObject = 3390901B2779E098007D2864 /* Project object */;
}
